
Microsoft Visual Studio Solution File, Format Version 12.00
# Visual Studio Version 16
VisualStudioVersion = 16.0.29519.87
MinimumVisualStudioVersion = 10.0.40219.1
Project("{FAE04EC0-301F-11D3-BF4B-00C04F79EFBC}") = "CoraCorp.MCM.WebApi", "CoraCorp.MCM.WebApi\CoraCorp.MCM.WebApi.csproj", "{FA418683-D518-40F5-9596-6F0C18D33575}"
EndProject
Project("{FAE04EC0-301F-11D3-BF4B-00C04F79EFBC}") = "CoraCorp.MCM.App", "CoraCorp.MCM.App\CoraCorp.MCM.App.csproj", "{98C69299-D92A-4523-9FE8-9344E89430FA}"
EndProject
Project("{FAE04EC0-301F-11D3-BF4B-00C04F79EFBC}") = "CoraCorp.MCM.Data", "CoraCorp.MCM.Data\CoraCorp.MCM.Data.csproj", "{D47EB24C-A183-4C2F-B53C-A9BD4B078DEE}"
EndProject
Global
	GlobalSection(SolutionConfigurationPlatforms) = preSolution
		Debug|Any CPU = Debug|Any CPU
		Release|Any CPU = Release|Any CPU
	EndGlobalSection
	GlobalSection(ProjectConfigurationPlatforms) = postSolution
		{FA418683-D518-40F5-9596-6F0C18D33575}.Debug|Any CPU.ActiveCfg = Debug|Any CPU
		{FA418683-D518-40F5-9596-6F0C18D33575}.Debug|Any CPU.Build.0 = Debug|Any CPU
		{FA418683-D518-40F5-9596-6F0C18D33575}.Release|Any CPU.ActiveCfg = Release|Any CPU
		{FA418683-D518-40F5-9596-6F0C18D33575}.Release|Any CPU.Build.0 = Release|Any CPU
		{98C69299-D92A-4523-9FE8-9344E89430FA}.Debug|Any CPU.ActiveCfg = Debug|Any CPU
		{98C69299-D92A-4523-9FE8-9344E89430FA}.Debug|Any CPU.Build.0 = Debug|Any CPU
		{98C69299-D92A-4523-9FE8-9344E89430FA}.Release|Any CPU.ActiveCfg = Release|Any CPU
		{98C69299-D92A-4523-9FE8-9344E89430FA}.Release|Any CPU.Build.0 = Release|Any CPU
		{D47EB24C-A183-4C2F-B53C-A9BD4B078DEE}.Debug|Any CPU.ActiveCfg = Debug|Any CPU
		{D47EB24C-A183-4C2F-B53C-A9BD4B078DEE}.Debug|Any CPU.Build.0 = Debug|Any CPU
		{D47EB24C-A183-4C2F-B53C-A9BD4B078DEE}.Release|Any CPU.ActiveCfg = Release|Any CPU
		{D47EB24C-A183-4C2F-B53C-A9BD4B078DEE}.Release|Any CPU.Build.0 = Release|Any CPU
	EndGlobalSection
	GlobalSection(SolutionProperties) = preSolution
		HideSolutionNode = FALSE
	EndGlobalSection
	GlobalSection(ExtensibilityGlobals) = postSolution
		SolutionGuid = {0945AFEF-AB6B-4FC9-9B06-13730BE5E8BF}
	EndGlobalSection
EndGlobal
